// !$*UTF8*$!
{
	archiveVersion = 1;
	classes = {
	};
	objectVersion = 55;
	objects = {

/* Begin PBXBuildFile section */
		7FC37F3127571BD000426622 /* AppDelegate.swift in Sources */ = {isa = PBXBuildFile; fileRef = 7FC37F3027571BD000426622 /* AppDelegate.swift */; };
		7FC37F3327571BD000426622 /* SceneDelegate.swift in Sources */ = {isa = PBXBuildFile; fileRef = 7FC37F3227571BD000426622 /* SceneDelegate.swift */; };
		7FC37F3527571BD000426622 /* ViewController.swift in Sources */ = {isa = PBXBuildFile; fileRef = 7FC37F3427571BD000426622 /* ViewController.swift */; };
		7FC37F3827571BD000426622 /* Main.storyboard in Resources */ = {isa = PBXBuildFile; fileRef = 7FC37F3627571BD000426622 /* Main.storyboard */; };
		7FC37F3A27571BD100426622 /* Assets.xcassets in Resources */ = {isa = PBXBuildFile; fileRef = 7FC37F3927571BD100426622 /* Assets.xcassets */; };
		7FC37F3D27571BD100426622 /* LaunchScreen.storyboard in Resources */ = {isa = PBXBuildFile; fileRef = 7FC37F3B27571BD100426622 /* LaunchScreen.storyboard */; };
		7FC37F6127571D9F00426622 /* Celda.swift in Sources */ = {isa = PBXBuildFile; fileRef = 7FC37F6027571D9F00426622 /* Celda.swift */; };
		7FC37F6327571DC500426622 /* ColeccionVC.swift in Sources */ = {isa = PBXBuildFile; fileRef = 7FC37F6227571DC500426622 /* ColeccionVC.swift */; };
/* End PBXBuildFile section */

/* Begin PBXContainerItemProxy section */
		7FC37F4427571BD100426622 /* PBXContainerItemProxy */ = {
			isa = PBXContainerItemProxy;
			containerPortal = 7FC37F2527571BD000426622 /* Project object */;
			proxyType = 1;
			remoteGlobalIDString = 7FC37F2C27571BD000426622;
			remoteInfo = Actividad11;
		};
		7FC37F4E27571BD100426622 /* PBXContainerItemProxy */ = {
			isa = PBXContainerItemProxy;
			containerPortal = 7FC37F2527571BD000426622 /* Project object */;
			proxyType = 1;
			remoteGlobalIDString = 7FC37F2C27571BD000426622;
			remoteInfo = Actividad11;
		};
/* End PBXContainerItemProxy section */

/* Begin PBXFileReference section */
		7FC37F2D27571BD000426622 /* Actividad11.app */ = {isa = PBXFileReference; explicitFileType = wrapper.application; includeInIndex = 0; path = Actividad11.app; sourceTree = BUILT_PRODUCTS_DIR; };
		7FC37F3027571BD000426622 /* AppDelegate.swift */ = {isa = PBXFileReference; lastKnownFileType = sourcecode.swift; path = AppDelegate.swift; sourceTree = "<group>"; };
		7FC37F3227571BD000426622 /* SceneDelegate.swift */ = {isa = PBXFileReference; lastKnownFileType = sourcecode.swift; path = SceneDelegate.swift; sourceTree = "<group>"; };
		7FC37F3427571BD000426622 /* ViewController.swift */ = {isa = PBXFileReference; lastKnownFileType = sourcecode.swift; path = ViewController.swift; sourceTree = "<group>"; };
		7FC37F3727571BD000426622 /* Base */ = {isa = PBXFileReference; lastKnownFileType = file.storyboard; name = Base; path = Base.lproj/Main.storyboard; sourceTree = "<group>"; };
		7FC37F3927571BD100426622 /* Assets.xcassets */ = {isa = PBXFileReference; lastKnownFileType = folder.assetcatalog; path = Assets.xcassets; sourceTree = "<group>"; };
		7FC37F3C27571BD100426622 /* Base */ = {isa = PBXFileReference; lastKnownFileType = file.storyboard; name = Base; path = Base.lproj/LaunchScreen.storyboard; sourceTree = "<group>"; };
		7FC37F3E27571BD100426622 /* Info.plist */ = {isa = PBXFileReference; lastKnownFileType = text.plist.xml; path = Info.plist; sourceTree = "<group>"; };
		7FC37F4327571BD100426622 /* Actividad11Tests.xctest */ = {isa = PBXFileReference; explicitFileType = wrapper.cfbundle; includeInIndex = 0; path = Actividad11Tests.xctest; sourceTree = BUILT_PRODUCTS_DIR; };
		7FC37F4D27571BD100426622 /* Actividad11UITests.xctest */ = {isa = PBXFileReference; explicitFileType = wrapper.cfbundle; includeInIndex = 0; path = Actividad11UITests.xctest; sourceTree = BUILT_PRODUCTS_DIR; };
		7FC37F6027571D9F00426622 /* Celda.swift */ = {isa = PBXFileReference; lastKnownFileType = sourcecode.swift; path = Celda.swift; sourceTree = "<group>"; };
		7FC37F6227571DC500426622 /* ColeccionVC.swift */ = {isa = PBXFileReference; lastKnownFileType = sourcecode.swift; path = ColeccionVC.swift; sourceTree = "<group>"; };
/* End PBXFileReference section */

/* Begin PBXFrameworksBuildPhase section */
		7FC37F2A27571BD000426622 /* Frameworks */ = {
			isa = PBXFrameworksBuildPhase;
			buildActionMask = 2147483647;
			files = (
			);
			runOnlyForDeploymentPostprocessing = 0;
		};
		7FC37F4027571BD100426622 /* Frameworks */ = {
			isa = PBXFrameworksBuildPhase;
			buildActionMask = 2147483647;
			files = (
			);
			runOnlyForDeploymentPostprocessing = 0;
		};
		7FC37F4A27571BD100426622 /* Frameworks */ = {
			isa = PBXFrameworksBuildPhase;
			buildActionMask = 2147483647;
			files = (
			);
			runOnlyForDeploymentPostprocessing = 0;
		};
/* End PBXFrameworksBuildPhase section */

/* Begin PBXGroup section */
		7FC37F2427571BD000426622 = {
			isa = PBXGroup;
			children = (
				7FC37F2F27571BD000426622 /* Actividad11 */,
				7FC37F2E27571BD000426622 /* Products */,
			);
			sourceTree = "<group>";
		};
		7FC37F2E27571BD000426622 /* Products */ = {
			isa = PBXGroup;
			children = (
				7FC37F2D27571BD000426622 /* Actividad11.app */,
				7FC37F4327571BD100426622 /* Actividad11Tests.xctest */,
				7FC37F4D27571BD100426622 /* Actividad11UITests.xctest */,
			);
			name = Products;
			sourceTree = "<group>";
		};
		7FC37F2F27571BD000426622 /* Actividad11 */ = {
			isa = PBXGroup;
			children = (
				7FC37F3027571BD000426622 /* AppDelegate.swift */,
				7FC37F3227571BD000426622 /* SceneDelegate.swift */,
				7FC37F3427571BD000426622 /* ViewController.swift */,
				7FC37F6027571D9F00426622 /* Celda.swift */,
				7FC37F6227571DC500426622 /* ColeccionVC.swift */,
				7FC37F3627571BD000426622 /* Main.storyboard */,
				7FC37F3927571BD100426622 /* Assets.xcassets */,
				7FC37F3B27571BD100426622 /* LaunchScreen.storyboard */,
				7FC37F3E27571BD100426622 /* Info.plist */,
			);
			path = Actividad11;
			sourceTree = "<group>";
		};
/* End PBXGroup section */

/* Begin PBXNativeTarget section */
		7FC37F2C27571BD000426622 /* Actividad11 */ = {
			isa = PBXNativeTarget;
			buildConfigurationList = 7FC37F5727571BD100426622 /* Build configuration list for PBXNativeTarget "Actividad11" */;
			buildPhases = (
				7FC37F2927571BD000426622 /* Sources */,
				7FC37F2A27571BD000426622 /* Frameworks */,
				7FC37F2B27571BD000426622 /* Resources */,
			);
			buildRules = (
			);
			dependencies = (
			);
			name = Actividad11;
			productName = Actividad11;
			productReference = 7FC37F2D27571BD000426622 /* Actividad11.app */;
			productType = "com.apple.product-type.application";
		};
		7FC37F4227571BD100426622 /* Actividad11Tests */ = {
			isa = PBXNativeTarget;
			buildConfigurationList = 7FC37F5A27571BD100426622 /* Build configuration list for PBXNativeTarget "Actividad11Tests" */;
			buildPhases = (
				7FC37F3F27571BD100426622 /* Sources */,
				7FC37F4027571BD100426622 /* Frameworks */,
				7FC37F4127571BD100426622 /* Resources */,
			);
			buildRules = (
			);
			dependencies = (
				7FC37F4527571BD100426622 /* PBXTargetDependency */,
			);
			name = Actividad11Tests;
			productName = Actividad11Tests;
			productReference = 7FC37F4327571BD100426622 /* Actividad11Tests.xctest */;
			productType = "com.apple.product-type.bundle.unit-test";
		};
		7FC37F4C27571BD100426622 /* Actividad11UITests */ = {
			isa = PBXNativeTarget;
			buildConfigurationList = 7FC37F5D27571BD100426622 /* Build configuration list for PBXNativeTarget "Actividad11UITests" */;
			buildPhases = (
				7FC37F4927571BD100426622 /* Sources */,
				7FC37F4A27571BD100426622 /* Frameworks */,
				7FC37F4B27571BD100426622 /* Resources */,
			);
			buildRules = (
			);
			dependencies = (
				7FC37F4F27571BD100426622 /* PBXTargetDependency */,
			);
			name = Actividad11UITests;
			productName = Actividad11UITests;
			productReference = 7FC37F4D27571BD100426622 /* Actividad11UITests.xctest */;
			productType = "com.apple.product-type.bundle.ui-testing";
		};
/* End PBXNativeTarget section */

/* Begin PBXProject section */
		7FC37F2527571BD000426622 /* Project object */ = {
			isa = PBXProject;
			attributes = {
				BuildIndependentTargetsInParallel = 1;
				LastSwiftUpdateCheck = 1310;
				LastUpgradeCheck = 1310;
				TargetAttributes = {
					7FC37F2C27571BD000426622 = {
						CreatedOnToolsVersion = 13.1;
					};
					7FC37F4227571BD100426622 = {
						CreatedOnToolsVersion = 13.1;
						TestTargetID = 7FC37F2C27571BD000426622;
					};
					7FC37F4C27571BD100426622 = {
						CreatedOnToolsVersion = 13.1;
						TestTargetID = 7FC37F2C27571BD000426622;
					};
				};
			};
			buildConfigurationList = 7FC37F2827571BD000426622 /* Build configuration list for PBXProject "Actividad11" */;
			compatibilityVersion = "Xcode 13.0";
			developmentRegion = en;
			hasScannedForEncodings = 0;
			knownRegions = (
				en,
				Base,
			);
			mainGroup = 7FC37F2427571BD000426622;
			productRefGroup = 7FC37F2E27571BD000426622 /* Products */;
			projectDirPath = "";
			projectRoot = "";
			targets = (
				7FC37F2C27571BD000426622 /* Actividad11 */,
				7FC37F4227571BD100426622 /* Actividad11Tests */,
				7FC37F4C27571BD100426622 /* Actividad11UITests */,
			);
		};
/* End PBXProject section */

/* Begin PBXResourcesBuildPhase section */
		7FC37F2B27571BD000426622 /* Resources */ = {
			isa = PBXResourcesBuildPhase;
			buildActionMask = 2147483647;
			files = (
				7FC37F3D27571BD100426622 /* LaunchScreen.storyboard in Resources */,
				7FC37F3A27571BD100426622 /* Assets.xcassets in Resources */,
				7FC37F3827571BD000426622 /* Main.storyboard in Resources */,
			);
			runOnlyForDeploymentPostprocessing = 0;
		};
		7FC37F4127571BD100426622 /* Resources */ = {
			isa = PBXResourcesBuildPhase;
			buildActionMask = 2147483647;
			files = (
			);
			runOnlyForDeploymentPostprocessing = 0;
		};
		7FC37F4B27571BD100426622 /* Resources */ = {
			isa = PBXResourcesBuildPhase;
			buildActionMask = 2147483647;
			files = (
			);
			runOnlyForDeploymentPostprocessing = 0;
		};
/* End PBXResourcesBuildPhase section */

/* Begin PBXSourcesBuildPhase section */
		7FC37F2927571BD000426622 /* Sources */ = {
			isa = PBXSourcesBuildPhase;
			buildActionMask = 2147483647;
			files = (
				7FC37F3527571BD000426622 /* ViewController.swift in Sources */,
				7FC37F3127571BD000426622 /* AppDelegate.swift in Sources */,
				7FC37F3327571BD000426622 /* SceneDelegate.swift in Sources */,
				7FC37F6327571DC500426622 /* ColeccionVC.swift in Sources */,
				7FC37F6127571D9F00426622 /* Celda.swift in Sources */,
			);
			runOnlyForDeploymentPostprocessing = 0;
		};
		7FC37F3F27571BD100426622 /* Sources */ = {
			isa = PBXSourcesBuildPhase;
			buildActionMask = 2147483647;
			files = (
			);
			runOnlyForDeploymentPostprocessing = 0;
		};
		7FC37F4927571BD100426622 /* Sources */ = {
			isa = PBXSourcesBuildPhase;
			buildActionMask = 2147483647;
			files = (
			);
			runOnlyForDeploymentPostprocessing = 0;
		};
/* End PBXSourcesBuildPhase section */

/* Begin PBXTargetDependency section */
		7FC37F4527571BD100426622 /* PBXTargetDependency */ = {
			isa = PBXTargetDependency;
			target = 7FC37F2C27571BD000426622 /* Actividad11 */;
			targetProxy = 7FC37F4427571BD100426622 /* PBXContainerItemProxy */;
		};
		7FC37F4F27571BD100426622 /* PBXTargetDependency */ = {
			isa = PBXTargetDependency;
			target = 7FC37F2C27571BD000426622 /* Actividad11 */;
			targetProxy = 7FC37F4E27571BD100426622 /* PBXContainerItemProxy */;
		};
/* End PBXTargetDependency section */

/* Begin PBXVariantGroup section */
		7FC37F3627571BD000426622 /* Main.storyboard */ = {
			isa = PBXVariantGroup;
			children = (
				7FC37F3727571BD000426622 /* Base */,
			);
			name = Main.storyboard;
			sourceTree = "<group>";
		};
		7FC37F3B27571BD100426622 /* LaunchScreen.storyboard */ = {
			isa = PBXVariantGroup;
			children = (
				7FC37F3C27571BD100426622 /* Base */,
			);
			name = LaunchScreen.storyboard;
			sourceTree = "<group>";
		};
/* End PBXVariantGroup section */

/* Begin XCBuildConfiguration section */
		7FC37F5527571BD100426622 /* Debug */ = {
			isa = XCBuildConfiguration;
			buildSettings = {
				ALWAYS_SEARCH_USER_PATHS = NO;
				CLANG_ANALYZER_NONNULL = YES;
				CLANG_ANALYZER_NUMBER_OBJECT_CONVERSION = YES_AGGRESSIVE;
				CLANG_CXX_LANGUAGE_STANDARD = "gnu++17";
				CLANG_CXX_LIBRARY = "libc++";
				CLANG_ENABLE_MODULES = YES;
				CLANG_ENABLE_OBJC_ARC = YES;
				CLANG_ENABLE_OBJC_WEAK = YES;
				CLANG_WARN_BLOCK_CAPTURE_AUTORELEASING = YES;
				CLANG_WARN_BOOL_CONVERSION = YES;
				CLANG_WARN_COMMA = YES;
				CLANG_WARN_CONSTANT_CONVERSION = YES;
				CLANG_WARN_DEPRECATED_OBJC_IMPLEMENTATIONS = YES;
				CLANG_WARN_DIRECT_OBJC_ISA_USAGE = YES_ERROR;
				CLANG_WARN_DOCUMENTATION_COMMENTS = YES;
				CLANG_WARN_EMPTY_BODY = YES;
				CLANG_WARN_ENUM_CONVERSION = YES;
				CLANG_WARN_INFINITE_RECURSION = YES;
				CLANG_WARN_INT_CONVERSION = YES;
				CLANG_WARN_NON_LITERAL_NULL_CONVERSION = YES;
				CLANG_WARN_OBJC_IMPLICIT_RETAIN_SELF = YES;
				CLANG_WARN_OBJC_LITERAL_CONVERSION = YES;
				CLANG_WARN_OBJC_ROOT_CLASS = YES_ERROR;
				CLANG_WARN_QUOTED_INCLUDE_IN_FRAMEWORK_HEADER = YES;
				CLANG_WARN_RANGE_LOOP_ANALYSIS = YES;
				CLANG_WARN_STRICT_PROTOTYPES = YES;
				CLANG_WARN_SUSPICIOUS_MOVE = YES;
				CLANG_WARN_UNGUARDED_AVAILABILITY = YES_AGGRESSIVE;
				CLANG_WARN_UNREACHABLE_CODE = YES;
				CLANG_WARN__DUPLICATE_METHOD_MATCH = YES;
				COPY_PHASE_STRIP = NO;
				DEBUG_INFORMATION_FORMAT = dwarf;
				ENABLE_STRICT_OBJC_MSGSEND = YES;
				ENABLE_TESTABILITY = YES;
				GCC_C_LANGUAGE_STANDARD = gnu11;
				GCC_DYNAMIC_NO_PIC = NO;
				GCC_NO_COMMON_BLOCKS = YES;
				GCC_OPTIMIZATION_LEVEL = 0;
				GCC_PREPROCESSOR_DEFINITIONS = (
					"DEBUG=1",
					"$(inherited)",
				);
				GCC_WARN_64_TO_32_BIT_CONVERSION = YES;
				GCC_WARN_ABOUT_RETURN_TYPE = YES_ERROR;
				GCC_WARN_UNDECLARED_SELECTOR = YES;
				GCC_WARN_UNINITIALIZED_AUTOS = YES_AGGRESSIVE;
				GCC_WARN_UNUSED_FUNCTION = YES;
				GCC_WARN_UNUSED_VARIABLE = YES;
				IPHONEOS_DEPLOYMENT_TARGET = 15.0;
				MTL_ENABLE_DEBUG_INFO = INCLUDE_SOURCE;
				MTL_FAST_MATH = YES;
				ONLY_ACTIVE_ARCH = YES;
				SDKROOT = iphoneos;
				SWIFT_ACTIVE_COMPILATION_CONDITIONS = DEBUG;
				SWIFT_OPTIMIZATION_LEVEL = "-Onone";
			};
			name = Debug;
		};
		7FC37F5627571BD100426622 /* Release */ = {
			isa = XCBuildConfiguration;
			buildSettings = {
				ALWAYS_SEARCH_USER_PATHS = NO;
				CLANG_ANALYZER_NONNULL = YES;
				CLANG_ANALYZER_NUMBER_OBJECT_CONVERSION = YES_AGGRESSIVE;
				CLANG_CXX_LANGUAGE_STANDARD = "gnu++17";
				CLANG_CXX_LIBRARY = "libc++";
				CLANG_ENABLE_MODULES = YES;
				CLANG_ENABLE_OBJC_ARC = YES;
				CLANG_ENABLE_OBJC_WEAK = YES;
				CLANG_WARN_BLOCK_CAPTURE_AUTORELEASING = YES;
				CLANG_WARN_BOOL_CONVERSION = YES;
				CLANG_WARN_COMMA = YES;
				CLANG_WARN_CONSTANT_CONVERSION = YES;
				CLANG_WARN_DEPRECATED_OBJC_IMPLEMENTATIONS = YES;
				CLANG_WARN_DIRECT_OBJC_ISA_USAGE = YES_ERROR;
				CLANG_WARN_DOCUMENTATION_COMMENTS = YES;
				CLANG_WARN_EMPTY_BODY = YES;
				CLANG_WARN_ENUM_CONVERSION = YES;
				CLANG_WARN_INFINITE_RECURSION = YES;
				CLANG_WARN_INT_CONVERSION = YES;
				CLANG_WARN_NON_LITERAL_NULL_CONVERSION = YES;
				CLANG_WARN_OBJC_IMPLICIT_RETAIN_SELF = YES;
				CLANG_WARN_OBJC_LITERAL_CONVERSION = YES;
				CLANG_WARN_OBJC_ROOT_CLASS = YES_ERROR;
				CLANG_WARN_QUOTED_INCLUDE_IN_FRAMEWORK_HEADER = YES;
				CLANG_WARN_RANGE_LOOP_ANALYSIS = YES;
				CLANG_WARN_STRICT_PROTOTYPES = YES;
				CLANG_WARN_SUSPICIOUS_MOVE = YES;
				CLANG_WARN_UNGUARDED_AVAILABILITY = YES_AGGRESSIVE;
				CLANG_WARN_UNREACHABLE_CODE = YES;
				CLANG_WARN__DUPLICATE_METHOD_MATCH = YES;
				COPY_PHASE_STRIP = NO;
				DEBUG_INFORMATION_FORMAT = "dwarf-with-dsym";
				ENABLE_NS_ASSERTIONS = NO;
				ENABLE_STRICT_OBJC_MSGSEND = YES;
				GCC_C_LANGUAGE_STANDARD = gnu11;
				GCC_NO_COMMON_BLOCKS = YES;
				GCC_WARN_64_TO_32_BIT_CONVERSION = YES;
				GCC_WARN_ABOUT_RETURN_TYPE = YES_ERROR;
				GCC_WARN_UNDECLARED_SELECTOR = YES;
				GCC_WARN_UNINITIALIZED_AUTOS = YES_AGGRESSIVE;
				GCC_WARN_UNUSED_FUNCTION = YES;
				GCC_WARN_UNUSED_VARIABLE = YES;
				IPHONEOS_DEPLOYMENT_TARGET = 15.0;
				MTL_ENABLE_DEBUG_INFO = NO;
				MTL_FAST_MATH = YES;
				SDKROOT = iphoneos;
				SWIFT_COMPILATION_MODE = wholemodule;
				SWIFT_OPTIMIZATION_LEVEL = "-O";
				VALIDATE_PRODUCT = YES;
			};
			name = Release;
		};
		7FC37F5827571BD100426622 /* Debug */ = {
			isa = XCBuildConfiguration;
			buildSettings = {
				ASSETCATALOG_COMPILER_APPICON_NAME = AppIcon;
				ASSETCATALOG_COMPILER_GLOBAL_ACCENT_COLOR_NAME = AccentColor;
				CODE_SIGN_STYLE = Automatic;
				CURRENT_PROJECT_VERSION = 1;
				DEVELOPMENT_TEAM = 9GUJZVVQA5;
				GENERATE_INFOPLIST_FILE = YES;
				INFOPLIST_FILE = Actividad11/Info.plist;
				INFOPLIST_KEY_UIApplicationSupportsIndirectInputEvents = YES;
				INFOPLIST_KEY_UILaunchStoryboardName = LaunchScreen;
				INFOPLIST_KEY_UIMainStoryboardFile = Main;
				INFOPLIST_KEY_UISupportedInterfaceOrientations_iPad = "UIInterfaceOrientationPortrait UIInterfaceOrientationPortraitUpsideDown UIInterfaceOrientationLandscapeLeft UIInterfaceOrientationLandscapeRight";
				INFOPLIST_KEY_UISupportedInterfaceOrientations_iPhone = "UIInterfaceOrientationPortrait UIInterfaceOrientationLandscapeLeft UIInterfaceOrientationLandscapeRight";
				LD_RUNPATH_SEARCH_PATHS = (
					"$(inherited)",
					"@executable_path/Frameworks",
				);
				MARKETING_VERSION = 1.0;
				PRODUCT_BUNDLE_IDENTIFIER = Tecmi.Actividad11;
				PRODUCT_NAME = "$(TARGET_NAME)";
				SWIFT_EMIT_LOC_STRINGS = YES;
				SWIFT_VERSION = 5.0;
				TARGETED_DEVICE_FAMILY = "1,2";
			};
			name = Debug;
		};
		7FC37F5927571BD100426622 /* Release */ = {
			isa = XCBuildConfiguration;
			buildSettings = {
				ASSETCATALOG_COMPILER_APPICON_NAME = AppIcon;
				ASSETCATALOG_COMPILER_GLOBAL_ACCENT_COLOR_NAME = AccentColor;
				CODE_SIGN_STYLE = Automatic;
				CURRENT_PROJECT_VERSION = 1;
				DEVELOPMENT_TEAM = 9GUJZVVQA5;
				GENERATE_INFOPLIST_FILE = YES;
				INFOPLIST_FILE = Actividad11/Info.plist;
				INFOPLIST_KEY_UIApplicationSupportsIndirectInputEvents = YES;
				INFOPLIST_KEY_UILaunchStoryboardName = LaunchScreen;
				INFOPLIST_KEY_UIMainStoryboardFile = Main;
				INFOPLIST_KEY_UISupportedInterfaceOrientations_iPad = "UIInterfaceOrientationPortrait UIInterfaceOrientationPortraitUpsideDown UIInterfaceOrientationLandscapeLeft UIInterfaceOrientationLandscapeRight";
				INFOPLIST_KEY_UISupportedInterfaceOrientations_iPhone = "UIInterfaceOrientationPortrait UIInterfaceOrientationLandscapeLeft UIInterfaceOrientationLandscapeRight";
				LD_RUNPATH_SEARCH_PATHS = (
					"$(inherited)",
					"@executable_path/Frameworks",
				);
				MARKETING_VERSION = 1.0;
				PRODUCT_BUNDLE_IDENTIFIER = Tecmi.Actividad11;
				PRODUCT_NAME = "$(TARGET_NAME)";
				SWIFT_EMIT_LOC_STRINGS = YES;
				SWIFT_VERSION = 5.0;
				TARGETED_DEVICE_FAMILY = "1,2";
			};
			name = Release;
		};
		7FC37F5B27571BD100426622 /* Debug */ = {
			isa = XCBuildConfiguration;
			buildSettings = {
				ALWAYS_EMBED_SWIFT_STANDARD_LIBRARIES = YES;
				BUNDLE_LOADER = "$(TEST_HOST)";
				CODE_SIGN_STYLE = Automatic;
				CURRENT_PROJECT_VERSION = 1;
				DEVELOPMENT_TEAM = 9GUJZVVQA5;
				GENERATE_INFOPLIST_FILE = YES;
				IPHONEOS_DEPLOYMENT_TARGET = 15.0;
				LD_RUNPATH_SEARCH_PATHS = (
					"$(inherited)",
					"@executable_path/Frameworks",
					"@loader_path/Frameworks",
				);
				MARKETING_VERSION = 1.0;
				PRODUCT_BUNDLE_IDENTIFIER = Tecmi.Actividad11Tests;
				PRODUCT_NAME = "$(TARGET_NAME)";
				SWIFT_EMIT_LOC_STRINGS = NO;
				SWIFT_VERSION = 5.0;
				TARGETED_DEVICE_FAMILY = "1,2";
				TEST_HOST = "$(BUILT_PRODUCTS_DIR)/Actividad11.app/Actividad11";
			};
			name = Debug;
		};
		7FC37F5C27571BD100426622 /* Release */ = {
			isa = XCBuildConfiguration;
			buildSettings = {
				ALWAYS_EMBED_SWIFT_STANDARD_LIBRARIES = YES;
				BUNDLE_LOADER = "$(TEST_HOST)";
				CODE_SIGN_STYLE = Automatic;
				CURRENT_PROJECT_VERSION = 1;
				DEVELOPMENT_TEAM = 9GUJZVVQA5;
				GENERATE_INFOPLIST_FILE = YES;
				IPHONEOS_DEPLOYMENT_TARGET = 15.0;
				LD_RUNPATH_SEARCH_PATHS = (
					"$(inherited)",
					"@executable_path/Frameworks",
					"@loader_path/Frameworks",
				);
				MARKETING_VERSION = 1.0;
				PRODUCT_BUNDLE_IDENTIFIER = Tecmi.Actividad11Tests;
				PRODUCT_NAME = "$(TARGET_NAME)";
				SWIFT_EMIT_LOC_STRINGS = NO;
				SWIFT_VERSION = 5.0;
				TARGETED_DEVICE_FAMILY = "1,2";
				TEST_HOST = "$(BUILT_PRODUCTS_DIR)/Actividad11.app/Actividad11";
			};
			name = Release;
		};
		7FC37F5E27571BD100426622 /* Debug */ = {
			isa = XCBuildConfiguration;
			buildSettings = {
				ALWAYS_EMBED_SWIFT_STANDARD_LIBRARIES = YES;
				CODE_SIGN_STYLE = Automatic;
				CURRENT_PROJECT_VERSION = 1;
				DEVELOPMENT_TEAM = 9GUJZVVQA5;
				GENERATE_INFOPLIST_FILE = YES;
				LD_RUNPATH_SEARCH_PATHS = (
					"$(inherited)",
					"@executable_path/Frameworks",
					"@loader_path/Frameworks",
				);
				MARKETING_VERSION = 1.0;
				PRODUCT_BUNDLE_IDENTIFIER = Tecmi.Actividad11UITests;
				PRODUCT_NAME = "$(TARGET_NAME)";
				SWIFT_EMIT_LOC_STRINGS = NO;
				SWIFT_VERSION = 5.0;
				TARGETED_DEVICE_FAMILY = "1,2";
				TEST_TARGET_NAME = Actividad11;
			};
			name = Debug;
		};
		7FC37F5F27571BD100426622 /* Release */ = {
			isa = XCBuildConfiguration;
			buildSettings = {
				ALWAYS_EMBED_SWIFT_STANDARD_LIBRARIES = YES;
				CODE_SIGN_STYLE = Automatic;
				CURRENT_PROJECT_VERSION = 1;
				DEVELOPMENT_TEAM = 9GUJZVVQA5;
				GENERATE_INFOPLIST_FILE = YES;
				LD_RUNPATH_SEARCH_PATHS = (
					"$(inherited)",
					"@executable_path/Frameworks",
					"@loader_path/Frameworks",
				);
				MARKETING_VERSION = 1.0;
				PRODUCT_BUNDLE_IDENTIFIER = Tecmi.Actividad11UITests;
				PRODUCT_NAME = "$(TARGET_NAME)";
				SWIFT_EMIT_LOC_STRINGS = NO;
				SWIFT_VERSION = 5.0;
				TARGETED_DEVICE_FAMILY = "1,2";
				TEST_TARGET_NAME = Actividad11;
			};
			name = Release;
		};
/* End XCBuildConfiguration section */

/* Begin XCConfigurationList section */
		7FC37F2827571BD000426622 /* Build configuration list for PBXProject "Actividad11" */ = {
			isa = XCConfigurationList;
			buildConfigurations = (
				7FC37F5527571BD100426622 /* Debug */,
				7FC37F5627571BD100426622 /* Release */,
			);
			defaultConfigurationIsVisible = 0;
			defaultConfigurationName = Release;
		};
		7FC37F5727571BD100426622 /* Build configuration list for PBXNativeTarget "Actividad11" */ = {
			isa = XCConfigurationList;
			buildConfigurations = (
				7FC37F5827571BD100426622 /* Debug */,
				7FC37F5927571BD100426622 /* Release */,
			);
			defaultConfigurationIsVisible = 0;
			defaultConfigurationName = Release;
		};
		7FC37F5A27571BD100426622 /* Build configuration list for PBXNativeTarget "Actividad11Tests" */ = {
			isa = XCConfigurationList;
			buildConfigurations = (
				7FC37F5B27571BD100426622 /* Debug */,
				7FC37F5C27571BD100426622 /* Release */,
			);
			defaultConfigurationIsVisible = 0;
			defaultConfigurationName = Release;
		};
		7FC37F5D27571BD100426622 /* Build configuration list for PBXNativeTarget "Actividad11UITests" */ = {
			isa = XCConfigurationList;
			buildConfigurations = (
				7FC37F5E27571BD100426622 /* Debug */,
				7FC37F5F27571BD100426622 /* Release */,
			);
			defaultConfigurationIsVisible = 0;
			defaultConfigurationName = Release;
		};
/* End XCConfigurationList section */
	};
	rootObject = 7FC37F2527571BD000426622 /* Project object */;
}
